
Microsoft Visual Studio Solution File, Format Version 12.00
# Visual Studio Version 17
VisualStudioVersion = 17.7.34031.279
MinimumVisualStudioVersion = 10.0.40219.1
Project("{FAE04EC0-301F-11D3-BF4B-00C04F79EFBC}") = "KonnAPI", "KonnAPI\KonnAPI.csproj", "{90091B1D-6432-4E63-ABEE-319B380942A2}"
EndProject
Global
	GlobalSection(SolutionConfigurationPlatforms) = preSolution
		Debug|Any CPU = Debug|Any CPU
		Release|Any CPU = Release|Any CPU
	EndGlobalSection
	GlobalSection(ProjectConfigurationPlatforms) = postSolution
		{90091B1D-6432-4E63-ABEE-319B380942A2}.Debug|Any CPU.ActiveCfg = Debug|Any CPU
		{90091B1D-6432-4E63-ABEE-319B380942A2}.Debug|Any CPU.Build.0 = Debug|Any CPU
		{90091B1D-6432-4E63-ABEE-319B380942A2}.Release|Any CPU.ActiveCfg = Release|Any CPU
		{90091B1D-6432-4E63-ABEE-319B380942A2}.Release|Any CPU.Build.0 = Release|Any CPU
	EndGlobalSection
	GlobalSection(SolutionProperties) = preSolution
		HideSolutionNode = FALSE
	EndGlobalSection
	GlobalSection(ExtensibilityGlobals) = postSolution
		SolutionGuid = {F60285AF-3EA8-40DD-93C1-126BE2E7270D}
	EndGlobalSection
EndGlobal
